{
  "requires": true,
  "lockfileVersion": 1,
  "dependencies": {
    "assinments_react_dbst": {
      "version": "1.0.3",
      "resolved": "https://registry.npmjs.org/assinments_react_dbst/-/assinments_react_dbst-1.0.3.tgz",
      "integrity": "sha512-pkUrg8Pw+piiS1SQr5bxHdoZsg9LyKB7+fMGHQODwXpBoBGjnvEY4O3tAu0EQVhoGhr4E1LSICvZSd5TLf3frg=="
    }
  }
}
